
Microsoft Visual Studio Solution File, Format Version 12.00
# Visual Studio 15
VisualStudioVersion = 15.0.26730.10
MinimumVisualStudioVersion = 10.0.40219.1
Project("{FAE04EC0-301F-11D3-BF4B-00C04F79EFBC}") = "JustBookmark", "JustBookmark\JustBookmark.csproj", "{B5B2779E-416F-4F23-8274-4EB39847EE7F}"
EndProject
Global
	GlobalSection(SolutionConfigurationPlatforms) = preSolution
		Debug|Any CPU = Debug|Any CPU
		Release|Any CPU = Release|Any CPU
	EndGlobalSection
	GlobalSection(ProjectConfigurationPlatforms) = postSolution
		{B5B2779E-416F-4F23-8274-4EB39847EE7F}.Debug|Any CPU.ActiveCfg = Debug|Any CPU
		{B5B2779E-416F-4F23-8274-4EB39847EE7F}.Debug|Any CPU.Build.0 = Debug|Any CPU
		{B5B2779E-416F-4F23-8274-4EB39847EE7F}.Release|Any CPU.ActiveCfg = Release|Any CPU
		{B5B2779E-416F-4F23-8274-4EB39847EE7F}.Release|Any CPU.Build.0 = Release|Any CPU
	EndGlobalSection
	GlobalSection(SolutionProperties) = preSolution
		HideSolutionNode = FALSE
	EndGlobalSection
	GlobalSection(ExtensibilityGlobals) = postSolution
		SolutionGuid = {864DFFBF-12E8-43CB-87B7-A02DF61F53BE}
	EndGlobalSection
EndGlobal
